
Microsoft Visual Studio Solution File, Format Version 12.00
# Visual Studio 2013
VisualStudioVersion = 12.0.31101.0
MinimumVisualStudioVersion = 10.0.40219.1
Project("{FAE04EC0-301F-11D3-BF4B-00C04F79EFBC}") = "Updraft.Client", "Updraft.Client\Updraft.Client.csproj", "{9A4DA130-8C7E-406D-BA3F-7DD8FC9D3218}"
EndProject
Project("{FAE04EC0-301F-11D3-BF4B-00C04F79EFBC}") = "Updraft.Data", "Updraft.Data\Updraft.Data.csproj", "{E62F1ED2-9919-459A-B8FC-5A4DE7F7D3D9}"
EndProject
Project("{FAE04EC0-301F-11D3-BF4B-00C04F79EFBC}") = "Updraft.Test", "Updraft.Test\Updraft.Test.csproj", "{4D03B861-8B29-4D99-BD77-6A5400A93FD3}"
EndProject
Global
	GlobalSection(SolutionConfigurationPlatforms) = preSolution
		Debug|Any CPU = Debug|Any CPU
		Release|Any CPU = Release|Any CPU
	EndGlobalSection
	GlobalSection(ProjectConfigurationPlatforms) = postSolution
		{9A4DA130-8C7E-406D-BA3F-7DD8FC9D3218}.Debug|Any CPU.ActiveCfg = Debug|Any CPU
		{9A4DA130-8C7E-406D-BA3F-7DD8FC9D3218}.Debug|Any CPU.Build.0 = Debug|Any CPU
		{9A4DA130-8C7E-406D-BA3F-7DD8FC9D3218}.Release|Any CPU.ActiveCfg = Release|Any CPU
		{9A4DA130-8C7E-406D-BA3F-7DD8FC9D3218}.Release|Any CPU.Build.0 = Release|Any CPU
		{E62F1ED2-9919-459A-B8FC-5A4DE7F7D3D9}.Debug|Any CPU.ActiveCfg = Debug|Any CPU
		{E62F1ED2-9919-459A-B8FC-5A4DE7F7D3D9}.Debug|Any CPU.Build.0 = Debug|Any CPU
		{E62F1ED2-9919-459A-B8FC-5A4DE7F7D3D9}.Release|Any CPU.ActiveCfg = Release|Any CPU
		{E62F1ED2-9919-459A-B8FC-5A4DE7F7D3D9}.Release|Any CPU.Build.0 = Release|Any CPU
		{4D03B861-8B29-4D99-BD77-6A5400A93FD3}.Debug|Any CPU.ActiveCfg = Debug|Any CPU
		{4D03B861-8B29-4D99-BD77-6A5400A93FD3}.Debug|Any CPU.Build.0 = Debug|Any CPU
		{4D03B861-8B29-4D99-BD77-6A5400A93FD3}.Release|Any CPU.ActiveCfg = Release|Any CPU
		{4D03B861-8B29-4D99-BD77-6A5400A93FD3}.Release|Any CPU.Build.0 = Release|Any CPU
	EndGlobalSection
	GlobalSection(SolutionProperties) = preSolution
		HideSolutionNode = FALSE
	EndGlobalSection
EndGlobal
